
Microsoft Visual Studio Solution File, Format Version 12.00
# Visual Studio Version 16
VisualStudioVersion = 16.0.30503.244
MinimumVisualStudioVersion = 10.0.40219.1
Project("{FAE04EC0-301F-11D3-BF4B-00C04F79EFBC}") = "HotFix", "HotFix.csproj", "{37B15EC2-6779-4766-8826-AAE1EAD06AD5}"
EndProject
Global
	GlobalSection(SolutionConfigurationPlatforms) = preSolution
		Debug|Any CPU = Debug|Any CPU
		Release|Any CPU = Release|Any CPU
	EndGlobalSection
	GlobalSection(ProjectConfigurationPlatforms) = postSolution
		{37B15EC2-6779-4766-8826-AAE1EAD06AD5}.Debug|Any CPU.ActiveCfg = Debug|Any CPU
		{37B15EC2-6779-4766-8826-AAE1EAD06AD5}.Debug|Any CPU.Build.0 = Debug|Any CPU
		{37B15EC2-6779-4766-8826-AAE1EAD06AD5}.Release|Any CPU.ActiveCfg = Release|Any CPU
		{37B15EC2-6779-4766-8826-AAE1EAD06AD5}.Release|Any CPU.Build.0 = Release|Any CPU
	EndGlobalSection
	GlobalSection(SolutionProperties) = preSolution
		HideSolutionNode = FALSE
	EndGlobalSection
	GlobalSection(ExtensibilityGlobals) = postSolution
		SolutionGuid = {D383CDBC-D60D-48D7-9842-79A850B03EF5}
	EndGlobalSection
EndGlobal
