
Microsoft Visual Studio Solution File, Format Version 12.00
# Visual Studio Version 17
VisualStudioVersion = 17.14.36705.20
MinimumVisualStudioVersion = 10.0.40219.1
Project("{FAE04EC0-301F-11D3-BF4B-00C04F79EFBC}") = "AnalyzerUnity", "AnalyzerUnity\AnalyzerUnity.csproj", "{F90F0657-AC86-4124-BB93-A06CE2E30C0E}"
EndProject
Global
	GlobalSection(SolutionConfigurationPlatforms) = preSolution
		Debug|Any CPU = Debug|Any CPU
		Release|Any CPU = Release|Any CPU
	EndGlobalSection
	GlobalSection(ProjectConfigurationPlatforms) = postSolution
		{F90F0657-AC86-4124-BB93-A06CE2E30C0E}.Debug|Any CPU.ActiveCfg = Debug|Any CPU
		{F90F0657-AC86-4124-BB93-A06CE2E30C0E}.Debug|Any CPU.Build.0 = Debug|Any CPU
		{F90F0657-AC86-4124-BB93-A06CE2E30C0E}.Release|Any CPU.ActiveCfg = Release|Any CPU
		{F90F0657-AC86-4124-BB93-A06CE2E30C0E}.Release|Any CPU.Build.0 = Release|Any CPU
	EndGlobalSection
	GlobalSection(SolutionProperties) = preSolution
		HideSolutionNode = FALSE
	EndGlobalSection
	GlobalSection(ExtensibilityGlobals) = postSolution
		SolutionGuid = {696DFBCD-36A8-475A-85C3-CE795DD5F770}
	EndGlobalSection
EndGlobal
