<?xml version="1.0" encoding="utf-8"?>
<Project ToolsVersion="4.0" xmlns="http://schemas.microsoft.com/developer/msbuild/2003">
  <ItemGroup>
    <Filter Include="资源文件">
      <UniqueIdentifier>{67DA6AB6-F800-4c08-8B7A-83BB121AAD01}</UniqueIdentifier>
      <Extensions>rc;ico;cur;bmp;dlg;rc2;rct;bin;rgs;gif;jpg;jpeg;jpe;resx;tiff;tif;png;wav;mfcribbon-ms</Extensions>
    </Filter>
    <Filter Include="SQLite">
      <UniqueIdentifier>{93995380-89BD-4b04-88EB-625FBE52EBFB}</UniqueIdentifier>
      <Extensions>h;hh;hpp;hxx;h++;hm;inl;inc;ipp;xsd</Extensions>
    </Filter>
    <Filter Include="Dependency">
      <UniqueIdentifier>{4FC737F1-C7A5-4376-A066-2A32D752A2FF}</UniqueIdentifier>
      <Extensions>cpp;c;cc;cxx;c++;cppm;ixx;def;odl;idl;hpj;bat;asm;asmx</Extensions>
    </Filter>
    <Filter Include="Dependency\sqlite3">
      <UniqueIdentifier>{f4233167-bb5d-4afd-a5be-1c4182179941}</UniqueIdentifier>
    </Filter>
    <Filter Include="Utility">
      <UniqueIdentifier>{93d88a6e-ebc5-420d-9872-dec354875a3f}</UniqueIdentifier>
    </Filter>
    <Filter Include="Utility\FileStruct">
      <UniqueIdentifier>{5637bb9c-4a8e-4a59-ae11-591903577d1d}</UniqueIdentifier>
    </Filter>
    <Filter Include="Common">
      <UniqueIdentifier>{450d8bd6-ed83-4ac3-9c6f-b48a2342d2a3}</UniqueIdentifier>
    </Filter>
    <Filter Include="STL">
      <UniqueIdentifier>{a9aa7521-fe53-4239-bed6-4253bf4caec4}</UniqueIdentifier>
    </Filter>
    <Filter Include="Serialize">
      <UniqueIdentifier>{059769d8-e056-48a0-b6fd-925b5cfe3003}</UniqueIdentifier>
    </Filter>
    <Filter Include="Dependency\md5">
      <UniqueIdentifier>{68e4ddfd-92c0-4455-b220-412d92b114db}</UniqueIdentifier>
    </Filter>
  </ItemGroup>
  <ItemGroup>
    <ClCompile Include="SQLite\SQLiteManager.cpp">
      <Filter>SQLite</Filter>
    </ClCompile>
    <ClCompile Include="SQLite\SQLiteTableBase.cpp">
      <Filter>SQLite</Filter>
    </ClCompile>
    <ClCompile Include="SQLite\SQLiteDataReader.cpp">
      <Filter>SQLite</Filter>
    </ClCompile>
    <ClCompile Include="Dependency\sqlite3\sqlite3.c">
      <Filter>Dependency\sqlite3</Filter>
    </ClCompile>
    <ClCompile Include="main.cpp" />
    <ClCompile Include="Utility\MathUtility.cpp">
      <Filter>Utility</Filter>
    </ClCompile>
    <ClCompile Include="Utility\StringUtility.cpp">
      <Filter>Utility</Filter>
    </ClCompile>
    <ClCompile Include="Utility\SystemUtility.cpp">
      <Filter>Utility</Filter>
    </ClCompile>
    <ClCompile Include="Utility\BinaryUtility.cpp">
      <Filter>Utility</Filter>
    </ClCompile>
    <ClCompile Include="Utility\FileUtility.cpp">
      <Filter>Utility</Filter>
    </ClCompile>
    <ClCompile Include="Utility\FrameUtility.cpp">
      <Filter>Utility</Filter>
    </ClCompile>
    <ClCompile Include="Utility\FileStruct\FileContent.cpp">
      <Filter>Utility\FileStruct</Filter>
    </ClCompile>
    <ClCompile Include="Common\FrameBase.cpp">
      <Filter>Common</Filter>
    </ClCompile>
    <ClCompile Include="Common\FrameDefine.cpp">
      <Filter>Common</Filter>
    </ClCompile>
    <ClCompile Include="STL\IndependentLog.cpp">
      <Filter>STL</Filter>
    </ClCompile>
    <ClCompile Include="STL\mySTL.cpp">
      <Filter>STL</Filter>
    </ClCompile>
    <ClCompile Include="Serialize\Serializer.cpp">
      <Filter>Serialize</Filter>
    </ClCompile>
    <ClCompile Include="Dependency\md5\md5.cpp">
      <Filter>Dependency\md5</Filter>
    </ClCompile>
  </ItemGroup>
  <ItemGroup>
    <ClInclude Include="SQLite\SQLiteManager.h">
      <Filter>SQLite</Filter>
    </ClInclude>
    <ClInclude Include="SQLite\SQLiteTable.h">
      <Filter>SQLite</Filter>
    </ClInclude>
    <ClInclude Include="SQLite\SQLiteTableBase.h">
      <Filter>SQLite</Filter>
    </ClInclude>
    <ClInclude Include="SQLite\SQLiteTableParam.h">
      <Filter>SQLite</Filter>
    </ClInclude>
    <ClInclude Include="SQLite\SelectCount.h">
      <Filter>SQLite</Filter>
    </ClInclude>
    <ClInclude Include="SQLite\SQLiteDataReader.h">
      <Filter>SQLite</Filter>
    </ClInclude>
    <ClInclude Include="Dependency\sqlite3\sqlite3.h">
      <Filter>Dependency\sqlite3</Filter>
    </ClInclude>
    <ClInclude Include="Dependency\sqlite3\sqlite3ext.h">
      <Filter>Dependency\sqlite3</Filter>
    </ClInclude>
    <ClInclude Include="Utility\MathUtility.h">
      <Filter>Utility</Filter>
    </ClInclude>
    <ClInclude Include="Utility\StringUtility.h">
      <Filter>Utility</Filter>
    </ClInclude>
    <ClInclude Include="Utility\SystemUtility.h">
      <Filter>Utility</Filter>
    </ClInclude>
    <ClInclude Include="Utility\BinaryUtility.h">
      <Filter>Utility</Filter>
    </ClInclude>
    <ClInclude Include="Utility\FileUtility.h">
      <Filter>Utility</Filter>
    </ClInclude>
    <ClInclude Include="Utility\FrameUtility.h">
      <Filter>Utility</Filter>
    </ClInclude>
    <ClInclude Include="Utility\FileStruct\FileContent.h">
      <Filter>Utility\FileStruct</Filter>
    </ClInclude>
    <ClInclude Include="Common\FrameDefine.h">
      <Filter>Common</Filter>
    </ClInclude>
    <ClInclude Include="Common\FrameEnum.h">
      <Filter>Common</Filter>
    </ClInclude>
    <ClInclude Include="Common\FrameHeader.h">
      <Filter>Common</Filter>
    </ClInclude>
    <ClInclude Include="Common\FrameMacro.h">
      <Filter>Common</Filter>
    </ClInclude>
    <ClInclude Include="Common\Singleton.h">
      <Filter>Common</Filter>
    </ClInclude>
    <ClInclude Include="Common\Array.h">
      <Filter>Common</Filter>
    </ClInclude>
    <ClInclude Include="Common\FrameBase.h">
      <Filter>Common</Filter>
    </ClInclude>
    <ClInclude Include="Common\FrameCallback.h">
      <Filter>Common</Filter>
    </ClInclude>
    <ClInclude Include="STL\SafeSet.h">
      <Filter>STL</Filter>
    </ClInclude>
    <ClInclude Include="STL\SafeVector.h">
      <Filter>STL</Filter>
    </ClInclude>
    <ClInclude Include="STL\Set.h">
      <Filter>STL</Filter>
    </ClInclude>
    <ClInclude Include="STL\Stack.h">
      <Filter>STL</Filter>
    </ClInclude>
    <ClInclude Include="STL\Vector.h">
      <Filter>STL</Filter>
    </ClInclude>
    <ClInclude Include="STL\IndependentLog.h">
      <Filter>STL</Filter>
    </ClInclude>
    <ClInclude Include="STL\Map.h">
      <Filter>STL</Filter>
    </ClInclude>
    <ClInclude Include="STL\mySTL.h">
      <Filter>STL</Filter>
    </ClInclude>
    <ClInclude Include="STL\Queue.h">
      <Filter>STL</Filter>
    </ClInclude>
    <ClInclude Include="STL\SafeMap.h">
      <Filter>STL</Filter>
    </ClInclude>
    <ClInclude Include="Serialize\Serializer.h">
      <Filter>Serialize</Filter>
    </ClInclude>
    <ClInclude Include="Dependency\md5\md5.h">
      <Filter>Dependency\md5</Filter>
    </ClInclude>
    <ClInclude Include="Common\Vector2Short.h">
      <Filter>Common</Filter>
    </ClInclude>
    <ClInclude Include="Common\Vector2Int.h">
      <Filter>Common</Filter>
    </ClInclude>
    <ClInclude Include="Common\Vector2UInt.h">
      <Filter>Common</Filter>
    </ClInclude>
    <ClInclude Include="Common\Vector2UShort.h">
      <Filter>Common</Filter>
    </ClInclude>
    <ClInclude Include="Common\Vector2.h">
      <Filter>Common</Filter>
    </ClInclude>
    <ClInclude Include="Common\Vector3.h">
      <Filter>Common</Filter>
    </ClInclude>
    <ClInclude Include="Common\Vector3Int.h">
      <Filter>Common</Filter>
    </ClInclude>
  </ItemGroup>
</Project>